{
  "version": 4,
  "terraform_version": "1.11.3",
  "serial": 191,
  "lineage": "f07b53d3-45bc-42c2-1a77-58e4f5624ab8",
  "outputs": {},
  "resources": [
    {
      "mode": "managed",
      "type": "yandex_container_registry",
      "name": "coderev_registry",
      "provider": "provider[\"registry.terraform.io/yandex-cloud/yandex\"]",
      "instances": [
        {
          "schema_version": 0,
          "attributes": {
            "created_at": "2025-05-21T04:09:47Z",
            "folder_id": "b1gfim9phetchio5jvhf",
            "id": "crp3c0eeujdqlvsvbi97",
            "labels": {},
            "name": "coderev-registry",
            "status": "active",
            "timeouts": null
          },
          "sensitive_attributes": [],
          "private": "eyJlMmJmYjczMC1lY2FhLTExZTYtOGY4OC0zNDM2M2JjN2M0YzAiOnsiY3JlYXRlIjo5MDAwMDAwMDAwMDAsImRlbGV0ZSI6OTAwMDAwMDAwMDAwLCJ1cGRhdGUiOjkwMDAwMDAwMDAwMH19"
        }
      ]
    }
  ],
  "check_results": null
}
